
Microsoft Visual Studio Solution File, Format Version 12.00
# Visual Studio Version 17
VisualStudioVersion = 17.0.31903.59
MinimumVisualStudioVersion = 10.0.40219.1
Project("{FAE04EC0-301F-11D3-BF4B-00C04F79EFBC}") = "PW.API", "PW.API\PW.API.csproj", "{33C3E167-03A5-4A23-AD4F-4B090C6288F3}"
EndProject
Project("{FAE04EC0-301F-11D3-BF4B-00C04F79EFBC}") = "PW.Domain", "PW.Domain\PW.Domain.csproj", "{A53D94AC-C9CB-4C2A-A597-330712DA3963}"
EndProject
Project("{FAE04EC0-301F-11D3-BF4B-00C04F79EFBC}") = "PW.Application", "PW.Application\PW.Application.csproj", "{2996853B-4CBA-43DC-855B-4A346CA8FD7D}"
EndProject
Project("{FAE04EC0-301F-11D3-BF4B-00C04F79EFBC}") = "PW.Infrastructure", "PW.Infrastructure\PW.Infrastructure.csproj", "{F4B16155-EEDF-47F0-914E-BA0387A0B8A8}"
EndProject
Project("{FAE04EC0-301F-11D3-BF4B-00C04F79EFBC}") = "PW.Persistence", "PW.Persistence\PW.Persistence.csproj", "{7CAA12B0-6C82-4948-98AA-17D47522456A}"
EndProject
Global
	GlobalSection(SolutionConfigurationPlatforms) = preSolution
		Debug|Any CPU = Debug|Any CPU
		Debug|x64 = Debug|x64
		Debug|x86 = Debug|x86
		Release|Any CPU = Release|Any CPU
		Release|x64 = Release|x64
		Release|x86 = Release|x86
	EndGlobalSection
	GlobalSection(ProjectConfigurationPlatforms) = postSolution
		{33C3E167-03A5-4A23-AD4F-4B090C6288F3}.Debug|Any CPU.ActiveCfg = Debug|Any CPU
		{33C3E167-03A5-4A23-AD4F-4B090C6288F3}.Debug|Any CPU.Build.0 = Debug|Any CPU
		{33C3E167-03A5-4A23-AD4F-4B090C6288F3}.Debug|x64.ActiveCfg = Debug|Any CPU
		{33C3E167-03A5-4A23-AD4F-4B090C6288F3}.Debug|x64.Build.0 = Debug|Any CPU
		{33C3E167-03A5-4A23-AD4F-4B090C6288F3}.Debug|x86.ActiveCfg = Debug|Any CPU
		{33C3E167-03A5-4A23-AD4F-4B090C6288F3}.Debug|x86.Build.0 = Debug|Any CPU
		{33C3E167-03A5-4A23-AD4F-4B090C6288F3}.Release|Any CPU.ActiveCfg = Release|Any CPU
		{33C3E167-03A5-4A23-AD4F-4B090C6288F3}.Release|Any CPU.Build.0 = Release|Any CPU
		{33C3E167-03A5-4A23-AD4F-4B090C6288F3}.Release|x64.ActiveCfg = Release|Any CPU
		{33C3E167-03A5-4A23-AD4F-4B090C6288F3}.Release|x64.Build.0 = Release|Any CPU
		{33C3E167-03A5-4A23-AD4F-4B090C6288F3}.Release|x86.ActiveCfg = Release|Any CPU
		{33C3E167-03A5-4A23-AD4F-4B090C6288F3}.Release|x86.Build.0 = Release|Any CPU
		{A53D94AC-C9CB-4C2A-A597-330712DA3963}.Debug|Any CPU.ActiveCfg = Debug|Any CPU
		{A53D94AC-C9CB-4C2A-A597-330712DA3963}.Debug|Any CPU.Build.0 = Debug|Any CPU
		{A53D94AC-C9CB-4C2A-A597-330712DA3963}.Debug|x64.ActiveCfg = Debug|Any CPU
		{A53D94AC-C9CB-4C2A-A597-330712DA3963}.Debug|x64.Build.0 = Debug|Any CPU
		{A53D94AC-C9CB-4C2A-A597-330712DA3963}.Debug|x86.ActiveCfg = Debug|Any CPU
		{A53D94AC-C9CB-4C2A-A597-330712DA3963}.Debug|x86.Build.0 = Debug|Any CPU
		{A53D94AC-C9CB-4C2A-A597-330712DA3963}.Release|Any CPU.ActiveCfg = Release|Any CPU
		{A53D94AC-C9CB-4C2A-A597-330712DA3963}.Release|Any CPU.Build.0 = Release|Any CPU
		{A53D94AC-C9CB-4C2A-A597-330712DA3963}.Release|x64.ActiveCfg = Release|Any CPU
		{A53D94AC-C9CB-4C2A-A597-330712DA3963}.Release|x64.Build.0 = Release|Any CPU
		{A53D94AC-C9CB-4C2A-A597-330712DA3963}.Release|x86.ActiveCfg = Release|Any CPU
		{A53D94AC-C9CB-4C2A-A597-330712DA3963}.Release|x86.Build.0 = Release|Any CPU
		{2996853B-4CBA-43DC-855B-4A346CA8FD7D}.Debug|Any CPU.ActiveCfg = Debug|Any CPU
		{2996853B-4CBA-43DC-855B-4A346CA8FD7D}.Debug|Any CPU.Build.0 = Debug|Any CPU
		{2996853B-4CBA-43DC-855B-4A346CA8FD7D}.Debug|x64.ActiveCfg = Debug|Any CPU
		{2996853B-4CBA-43DC-855B-4A346CA8FD7D}.Debug|x64.Build.0 = Debug|Any CPU
		{2996853B-4CBA-43DC-855B-4A346CA8FD7D}.Debug|x86.ActiveCfg = Debug|Any CPU
		{2996853B-4CBA-43DC-855B-4A346CA8FD7D}.Debug|x86.Build.0 = Debug|Any CPU
		{2996853B-4CBA-43DC-855B-4A346CA8FD7D}.Release|Any CPU.ActiveCfg = Release|Any CPU
		{2996853B-4CBA-43DC-855B-4A346CA8FD7D}.Release|Any CPU.Build.0 = Release|Any CPU
		{2996853B-4CBA-43DC-855B-4A346CA8FD7D}.Release|x64.ActiveCfg = Release|Any CPU
		{2996853B-4CBA-43DC-855B-4A346CA8FD7D}.Release|x64.Build.0 = Release|Any CPU
		{2996853B-4CBA-43DC-855B-4A346CA8FD7D}.Release|x86.ActiveCfg = Release|Any CPU
		{2996853B-4CBA-43DC-855B-4A346CA8FD7D}.Release|x86.Build.0 = Release|Any CPU
		{F4B16155-EEDF-47F0-914E-BA0387A0B8A8}.Debug|Any CPU.ActiveCfg = Debug|Any CPU
		{F4B16155-EEDF-47F0-914E-BA0387A0B8A8}.Debug|Any CPU.Build.0 = Debug|Any CPU
		{F4B16155-EEDF-47F0-914E-BA0387A0B8A8}.Debug|x64.ActiveCfg = Debug|Any CPU
		{F4B16155-EEDF-47F0-914E-BA0387A0B8A8}.Debug|x64.Build.0 = Debug|Any CPU
		{F4B16155-EEDF-47F0-914E-BA0387A0B8A8}.Debug|x86.ActiveCfg = Debug|Any CPU
		{F4B16155-EEDF-47F0-914E-BA0387A0B8A8}.Debug|x86.Build.0 = Debug|Any CPU
		{F4B16155-EEDF-47F0-914E-BA0387A0B8A8}.Release|Any CPU.ActiveCfg = Release|Any CPU
		{F4B16155-EEDF-47F0-914E-BA0387A0B8A8}.Release|Any CPU.Build.0 = Release|Any CPU
		{F4B16155-EEDF-47F0-914E-BA0387A0B8A8}.Release|x64.ActiveCfg = Release|Any CPU
		{F4B16155-EEDF-47F0-914E-BA0387A0B8A8}.Release|x64.Build.0 = Release|Any CPU
		{F4B16155-EEDF-47F0-914E-BA0387A0B8A8}.Release|x86.ActiveCfg = Release|Any CPU
		{F4B16155-EEDF-47F0-914E-BA0387A0B8A8}.Release|x86.Build.0 = Release|Any CPU
		{7CAA12B0-6C82-4948-98AA-17D47522456A}.Debug|Any CPU.ActiveCfg = Debug|Any CPU
		{7CAA12B0-6C82-4948-98AA-17D47522456A}.Debug|Any CPU.Build.0 = Debug|Any CPU
		{7CAA12B0-6C82-4948-98AA-17D47522456A}.Debug|x64.ActiveCfg = Debug|Any CPU
		{7CAA12B0-6C82-4948-98AA-17D47522456A}.Debug|x64.Build.0 = Debug|Any CPU
		{7CAA12B0-6C82-4948-98AA-17D47522456A}.Debug|x86.ActiveCfg = Debug|Any CPU
		{7CAA12B0-6C82-4948-98AA-17D47522456A}.Debug|x86.Build.0 = Debug|Any CPU
		{7CAA12B0-6C82-4948-98AA-17D47522456A}.Release|Any CPU.ActiveCfg = Release|Any CPU
		{7CAA12B0-6C82-4948-98AA-17D47522456A}.Release|Any CPU.Build.0 = Release|Any CPU
		{7CAA12B0-6C82-4948-98AA-17D47522456A}.Release|x64.ActiveCfg = Release|Any CPU
		{7CAA12B0-6C82-4948-98AA-17D47522456A}.Release|x64.Build.0 = Release|Any CPU
		{7CAA12B0-6C82-4948-98AA-17D47522456A}.Release|x86.ActiveCfg = Release|Any CPU
		{7CAA12B0-6C82-4948-98AA-17D47522456A}.Release|x86.Build.0 = Release|Any CPU
	EndGlobalSection
	GlobalSection(SolutionProperties) = preSolution
		HideSolutionNode = FALSE
	EndGlobalSection
EndGlobal
